
Microsoft Visual Studio Solution File, Format Version 12.00
# Visual Studio Version 17
VisualStudioVersion = 17.4.33122.133
MinimumVisualStudioVersion = 10.0.40219.1
Project("{FAE04EC0-301F-11D3-BF4B-00C04F79EFBC}") = "Dice Roller TA", "Dice Roller TA\Dice Roller TA.csproj", "{779CAB4A-6CF7-404E-88FD-E48A3D04A280}"
EndProject
Global
	GlobalSection(SolutionConfigurationPlatforms) = preSolution
		Debug|Any CPU = Debug|Any CPU
		Release|Any CPU = Release|Any CPU
	EndGlobalSection
	GlobalSection(ProjectConfigurationPlatforms) = postSolution
		{779CAB4A-6CF7-404E-88FD-E48A3D04A280}.Debug|Any CPU.ActiveCfg = Debug|Any CPU
		{779CAB4A-6CF7-404E-88FD-E48A3D04A280}.Debug|Any CPU.Build.0 = Debug|Any CPU
		{779CAB4A-6CF7-404E-88FD-E48A3D04A280}.Release|Any CPU.ActiveCfg = Release|Any CPU
		{779CAB4A-6CF7-404E-88FD-E48A3D04A280}.Release|Any CPU.Build.0 = Release|Any CPU
	EndGlobalSection
	GlobalSection(SolutionProperties) = preSolution
		HideSolutionNode = FALSE
	EndGlobalSection
	GlobalSection(ExtensibilityGlobals) = postSolution
		SolutionGuid = {741DD95D-4204-4079-9607-FE5DA8383145}
	EndGlobalSection
EndGlobal
